{
    "_readme": [
        "This file locks the dependencies of your project to a known state",
        "Read more about it at https://getcomposer.org/doc/01-basic-usage.md#installing-dependencies",
        "This file is @generated automatically"
    ],
    "content-hash": "c3317ffcfa5033c291205f5714ef8800",
    "packages": [
        {
            "name": "unl/html-minifier",
            "version": "0.5.1",
            "source": {
                "type": "git",
                "url": "https://github.com/unl/html-minifier.git",
                "reference": "d533b6b73db3c85168dd722894169f839ca7a1fa"
            },
            "dist": {
                "type": "zip",
                "url": "https://api.github.com/repos/unl/html-minifier/zipball/d533b6b73db3c85168dd722894169f839ca7a1fa",
                "reference": "d533b6b73db3c85168dd722894169f839ca7a1fa",
                "shasum": ""
            },
            "require": {
                "php": ">=5.6.0"
            },
            "require-dev": {
                "satooshi/php-coveralls": "^v2.2.0"
            },
            "type": "library",
            "autoload": {
                "psr-0": {
                    "zz": "src/"
                }
            },
            "notification-url": "https://packagist.org/downloads/",
            "license": [
                "BSD-3-Clause"
            ],
            "authors": [
                {
                    "name": "Google inc",
                    "homepage": "http://www.chromium.org/blink",
                    "role": "Author"
                },
                {
                    "name": "zaininnari",
                    "homepage": "https://github.com/zaininnari/",
                    "role": "Developer"
                }
            ],
            "description": "The Blink HTMLTokenizer ported to PHP.",
            "homepage": "https://github.com/unl/html-minifier",
            "keywords": [
                "Blink",
                "HTML minify",
                "php"
            ],
            "support": {
                "source": "https://github.com/unl/html-minifier/tree/0.5.1"
            },
            "time": "2020-07-16T18:08:39+00:00"
        },
        {
            "name": "unl/php-dwt-parser",
            "version": "v1.0.2",
            "source": {
                "type": "git",
                "url": "https://github.com/unl/phpdwtparser.git",
                "reference": "40b75f42a301dadfbf978995cfe535693099b006"
            },
            "dist": {
                "type": "zip",
                "url": "https://api.github.com/repos/unl/phpdwtparser/zipball/40b75f42a301dadfbf978995cfe535693099b006",
                "reference": "40b75f42a301dadfbf978995cfe535693099b006",
                "shasum": ""
            },
            "require": {
                "php": ">=5.5",
                "unl/html-minifier": "*",
                "zendframework/zend-code": "^2.5"
            },
            "require-dev": {
                "phpunit/phpunit": "^5.7"
            },
            "bin": [
                "bin/createTemplates.php"
            ],
            "type": "library",
            "autoload": {
                "psr-4": {
                    "UNL\\DWT\\": "src/"
                }
            },
            "notification-url": "https://packagist.org/downloads/",
            "license": [
                "BSD-3-Clause"
            ],
            "authors": [
                {
                    "name": "Kevin Abel (kabel)",
                    "email": "kabel2@unl.edu",
                    "role": "Developer"
                },
                {
                    "name": "Brett Bieber (saltybeagle)",
                    "email": "brett.bieber@gmail.com",
                    "role": "Retired Developer"
                }
            ],
            "description": "A PHP library for parsing DWT files and turning them into PHP classes",
            "homepage": "http://wdn.unl.edu/",
            "support": {
                "issues": "https://github.com/unl/phpdwtparser/issues",
                "source": "https://github.com/unl/phpdwtparser/tree/v1.0.2"
            },
            "time": "2020-07-16T19:05:41+00:00"
        },
        {
            "name": "unl/php-wdn-templates",
            "version": "v5.2.1",
            "source": {
                "type": "git",
                "url": "https://github.com/unl/phpunltemplates.git",
                "reference": "7648850d99cc8b6f03307a7feca7d31b18e9a233"
            },
            "dist": {
                "type": "zip",
                "url": "https://api.github.com/repos/unl/phpunltemplates/zipball/7648850d99cc8b6f03307a7feca7d31b18e9a233",
                "reference": "7648850d99cc8b6f03307a7feca7d31b18e9a233",
                "shasum": ""
            },
            "require": {
                "php": ">=5.5",
                "unl/php-dwt-parser": "1.0.*"
            },
            "require-dev": {
                "phpunit/phpunit": "~5.0"
            },
            "type": "library",
            "autoload": {
                "psr-4": {
                    "UNL\\Templates\\": "src/"
                }
            },
            "notification-url": "https://packagist.org/downloads/",
            "license": [
                "BSD-3-Clause"
            ],
            "authors": [
                {
                    "name": "Jeff Sturek (jsturek)",
                    "email": "jsturek8@unl.edu",
                    "role": "Developer"
                },
                {
                    "name": "Kevin Abel (kabel)",
                    "email": "kabel2@unl.edu",
                    "role": "Retired Developer"
                },
                {
                    "name": "Brett Bieber (saltybeagle)",
                    "email": "brett.bieber@gmail.com",
                    "role": "Retired Developer"
                },
                {
                    "name": "Ned Hummel (nhummel2)",
                    "email": "nhummel2@math.unl.edu",
                    "role": "Retired Developer"
                }
            ],
            "description": "A PHP library for rendering the UNL templates",
            "homepage": "http://wdn.unl.edu/",
            "support": {
                "issues": "https://github.com/unl/phpunltemplates/issues",
                "source": "https://github.com/unl/phpunltemplates/tree/v5.2.1"
            },
            "time": "2020-07-16T20:24:35+00:00"
        },
        {
            "name": "unl/unl_cache_lite",
            "version": "v0.1.2",
            "source": {
                "type": "git",
                "url": "https://github.com/unlpear/UNL_Cache_Lite.git",
                "reference": "5aa07f2add74ae3864b45a03a1f7fe37a01ac4b4"
            },
            "dist": {
                "type": "zip",
                "url": "https://api.github.com/repos/unlpear/UNL_Cache_Lite/zipball/5aa07f2add74ae3864b45a03a1f7fe37a01ac4b4",
                "reference": "5aa07f2add74ae3864b45a03a1f7fe37a01ac4b4",
                "shasum": ""
            },
            "type": "library",
            "autoload": {
                "psr-0": {
                    "UNL_Cache_Lite": ""
                }
            },
            "description": "a speedy and safe caching library",
            "support": {
                "source": "https://github.com/unlpear/UNL_Cache_Lite/tree/v0.1.2",
                "issues": "https://github.com/unlpear/UNL_Cache_Lite/issues"
            },
            "time": "2020-12-10T21:17:32+00:00"
        },
        {
            "name": "zendframework/zend-code",
            "version": "2.6.3",
            "source": {
                "type": "git",
                "url": "https://github.com/zendframework/zend-code.git",
                "reference": "95033f061b083e16cdee60530ec260d7d628b887"
            },
            "dist": {
                "type": "zip",
                "url": "https://api.github.com/repos/zendframework/zend-code/zipball/95033f061b083e16cdee60530ec260d7d628b887",
                "reference": "95033f061b083e16cdee60530ec260d7d628b887",
                "shasum": ""
            },
            "require": {
                "php": "^5.5 || 7.0.0 - 7.0.4 || ^7.0.6",
                "zendframework/zend-eventmanager": "^2.6 || ^3.0"
            },
            "require-dev": {
                "doctrine/annotations": "~1.0",
                "fabpot/php-cs-fixer": "1.7.*",
                "phpunit/phpunit": "^4.8.21",
                "zendframework/zend-stdlib": "^2.7 || ^3.0"
            },
            "suggest": {
                "doctrine/annotations": "Doctrine\\Common\\Annotations >=1.0 for annotation features",
                "zendframework/zend-stdlib": "Zend\\Stdlib component"
            },
            "type": "library",
            "extra": {
                "branch-alias": {
                    "dev-master": "2.6-dev",
                    "dev-develop": "2.7-dev"
                }
            },
            "autoload": {
                "psr-4": {
                    "Zend\\Code\\": "src/"
                }
            },
            "notification-url": "https://packagist.org/downloads/",
            "license": [
                "BSD-3-Clause"
            ],
            "description": "provides facilities to generate arbitrary code using an object oriented interface",
            "homepage": "https://github.com/zendframework/zend-code",
            "keywords": [
                "code",
                "zf2"
            ],
            "support": {
                "issues": "https://github.com/zendframework/zend-code/issues",
                "source": "https://github.com/zendframework/zend-code/tree/release-2.6"
            },
            "abandoned": "laminas/laminas-code",
            "time": "2016-04-20T17:26:42+00:00"
        },
        {
            "name": "zendframework/zend-eventmanager",
            "version": "3.2.1",
            "source": {
                "type": "git",
                "url": "https://github.com/zendframework/zend-eventmanager.git",
                "reference": "a5e2583a211f73604691586b8406ff7296a946dd"
            },
            "dist": {
                "type": "zip",
                "url": "https://api.github.com/repos/zendframework/zend-eventmanager/zipball/a5e2583a211f73604691586b8406ff7296a946dd",
                "reference": "a5e2583a211f73604691586b8406ff7296a946dd",
                "shasum": ""
            },
            "require": {
                "php": "^5.6 || ^7.0"
            },
            "require-dev": {
                "athletic/athletic": "^0.1",
                "container-interop/container-interop": "^1.1.0",
                "phpunit/phpunit": "^5.7.27 || ^6.5.8 || ^7.1.2",
                "zendframework/zend-coding-standard": "~1.0.0",
                "zendframework/zend-stdlib": "^2.7.3 || ^3.0"
            },
            "suggest": {
                "container-interop/container-interop": "^1.1.0, to use the lazy listeners feature",
                "zendframework/zend-stdlib": "^2.7.3 || ^3.0, to use the FilterChain feature"
            },
            "type": "library",
            "extra": {
                "branch-alias": {
                    "dev-master": "3.2-dev",
                    "dev-develop": "3.3-dev"
                }
            },
            "autoload": {
                "psr-4": {
                    "Zend\\EventManager\\": "src/"
                }
            },
            "notification-url": "https://packagist.org/downloads/",
            "license": [
                "BSD-3-Clause"
            ],
            "description": "Trigger and listen to events within a PHP application",
            "homepage": "https://github.com/zendframework/zend-eventmanager",
            "keywords": [
                "event",
                "eventmanager",
                "events",
                "zf2"
            ],
            "support": {
                "issues": "https://github.com/zendframework/zend-eventmanager/issues",
                "source": "https://github.com/zendframework/zend-eventmanager/tree/master"
            },
            "abandoned": "laminas/laminas-eventmanager",
            "time": "2018-04-25T15:33:34+00:00"
        }
    ],
    "packages-dev": [],
    "aliases": [],
    "minimum-stability": "stable",
    "stability-flags": [],
    "prefer-stable": true,
    "prefer-lowest": false,
    "platform": [],
    "platform-dev": [],
    "plugin-api-version": "2.0.0"
}
